
Microsoft Visual Studio Solution File, Format Version 12.00
# Visual Studio Version 17
VisualStudioVersion = 17.14.36811.4 d17.14
MinimumVisualStudioVersion = 10.0.40219.1
Project("{FAE04EC0-301F-11D3-BF4B-00C04F79EFBC}") = "Fundoonotesproject", "Fundoonotesproject.csproj", "{7737763E-5D8F-42E4-8104-F583BE1C2034}"
EndProject
Project("{FAE04EC0-301F-11D3-BF4B-00C04F79EFBC}") = "BusinessLayer", "..\BusinessLayer\BusinessLayer.csproj", "{B6A77928-6C80-4082-82C7-B9D784F54FA1}"
EndProject
Project("{FAE04EC0-301F-11D3-BF4B-00C04F79EFBC}") = "DataLayer", "..\DataLayer\DataLayer.csproj", "{EF2C0B47-B173-43C3-B91C-8180F15F57FB}"
EndProject
Project("{FAE04EC0-301F-11D3-BF4B-00C04F79EFBC}") = "ModelLayer", "..\ModelLayer\ModelLayer.csproj", "{66470230-C12D-4E53-81F8-87F0410A275D}"
EndProject
Global
	GlobalSection(SolutionConfigurationPlatforms) = preSolution
		Debug|Any CPU = Debug|Any CPU
		Release|Any CPU = Release|Any CPU
	EndGlobalSection
	GlobalSection(ProjectConfigurationPlatforms) = postSolution
		{7737763E-5D8F-42E4-8104-F583BE1C2034}.Debug|Any CPU.ActiveCfg = Debug|Any CPU
		{7737763E-5D8F-42E4-8104-F583BE1C2034}.Debug|Any CPU.Build.0 = Debug|Any CPU
		{7737763E-5D8F-42E4-8104-F583BE1C2034}.Release|Any CPU.ActiveCfg = Release|Any CPU
		{7737763E-5D8F-42E4-8104-F583BE1C2034}.Release|Any CPU.Build.0 = Release|Any CPU
		{B6A77928-6C80-4082-82C7-B9D784F54FA1}.Debug|Any CPU.ActiveCfg = Debug|Any CPU
		{B6A77928-6C80-4082-82C7-B9D784F54FA1}.Debug|Any CPU.Build.0 = Debug|Any CPU
		{B6A77928-6C80-4082-82C7-B9D784F54FA1}.Release|Any CPU.ActiveCfg = Release|Any CPU
		{B6A77928-6C80-4082-82C7-B9D784F54FA1}.Release|Any CPU.Build.0 = Release|Any CPU
		{EF2C0B47-B173-43C3-B91C-8180F15F57FB}.Debug|Any CPU.ActiveCfg = Debug|Any CPU
		{EF2C0B47-B173-43C3-B91C-8180F15F57FB}.Debug|Any CPU.Build.0 = Debug|Any CPU
		{EF2C0B47-B173-43C3-B91C-8180F15F57FB}.Release|Any CPU.ActiveCfg = Release|Any CPU
		{EF2C0B47-B173-43C3-B91C-8180F15F57FB}.Release|Any CPU.Build.0 = Release|Any CPU
		{66470230-C12D-4E53-81F8-87F0410A275D}.Debug|Any CPU.ActiveCfg = Debug|Any CPU
		{66470230-C12D-4E53-81F8-87F0410A275D}.Debug|Any CPU.Build.0 = Debug|Any CPU
		{66470230-C12D-4E53-81F8-87F0410A275D}.Release|Any CPU.ActiveCfg = Release|Any CPU
		{66470230-C12D-4E53-81F8-87F0410A275D}.Release|Any CPU.Build.0 = Release|Any CPU
	EndGlobalSection
	GlobalSection(SolutionProperties) = preSolution
		HideSolutionNode = FALSE
	EndGlobalSection
	GlobalSection(ExtensibilityGlobals) = postSolution
		SolutionGuid = {3F13E86F-EC94-40E2-9AF9-A4B7D68BD4BE}
	EndGlobalSection
EndGlobal
